
Microsoft Visual Studio Solution File, Format Version 12.00
# Visual Studio Version 17
VisualStudioVersion = 17.9.34622.214
MinimumVisualStudioVersion = 10.0.40219.1
Project("{FAE04EC0-301F-11D3-BF4B-00C04F79EFBC}") = "Renomeia_Arquivos_ComCaracteresEspeciais", "Renomeia_Arquivos_ComCaracteresEspeciais\Renomeia_Arquivos_ComCaracteresEspeciais.csproj", "{8473CE4D-13B4-474B-813F-201EA61EFDB5}"
EndProject
Global
	GlobalSection(SolutionConfigurationPlatforms) = preSolution
		Debug|Any CPU = Debug|Any CPU
		Release|Any CPU = Release|Any CPU
	EndGlobalSection
	GlobalSection(ProjectConfigurationPlatforms) = postSolution
		{8473CE4D-13B4-474B-813F-201EA61EFDB5}.Debug|Any CPU.ActiveCfg = Debug|Any CPU
		{8473CE4D-13B4-474B-813F-201EA61EFDB5}.Debug|Any CPU.Build.0 = Debug|Any CPU
		{8473CE4D-13B4-474B-813F-201EA61EFDB5}.Release|Any CPU.ActiveCfg = Release|Any CPU
		{8473CE4D-13B4-474B-813F-201EA61EFDB5}.Release|Any CPU.Build.0 = Release|Any CPU
	EndGlobalSection
	GlobalSection(SolutionProperties) = preSolution
		HideSolutionNode = FALSE
	EndGlobalSection
	GlobalSection(ExtensibilityGlobals) = postSolution
		SolutionGuid = {F8D7E7B8-8BC5-44FF-ADDA-8EB7960F544E}
	EndGlobalSection
EndGlobal
